// !$*UTF8*$!
{
	archiveVersion = 1;
	classes = {
	};
	objectVersion = 55;
	objects = {

/* Begin PBXBuildFile section */
		EA35A3F4280D266D00345975 /* swiftUI_100fungoApp.swift in Sources */ = {isa = PBXBuildFile; fileRef = EA35A3F3280D266D00345975 /* swiftUI_100fungoApp.swift */; };
		EA35A3F6280D266D00345975 /* ContentView.swift in Sources */ = {isa = PBXBuildFile; fileRef = EA35A3F5280D266D00345975 /* ContentView.swift */; };
		EA35A3F8280D266D00345975 /* Assets.xcassets in Resources */ = {isa = PBXBuildFile; fileRef = EA35A3F7280D266D00345975 /* Assets.xcassets */; };
		EA35A3FB280D266D00345975 /* Preview Assets.xcassets in Resources */ = {isa = PBXBuildFile; fileRef = EA35A3FA280D266D00345975 /* Preview Assets.xcassets */; };
		EA35A402280D298400345975 /* nock3.swift in Sources */ = {isa = PBXBuildFile; fileRef = EA35A401280D298400345975 /* nock3.swift */; };
		EA35A404280D2B3B00345975 /* nock4.swift in Sources */ = {isa = PBXBuildFile; fileRef = EA35A403280D2B3B00345975 /* nock4.swift */; };
		EA35A406280E44D700345975 /* nock5.swift in Sources */ = {isa = PBXBuildFile; fileRef = EA35A405280E44D700345975 /* nock5.swift */; };
		EA35A40A280E454A00345975 /* nock6.swift in Sources */ = {isa = PBXBuildFile; fileRef = EA35A409280E454A00345975 /* nock6.swift */; };
		EA35A40C280E45E600345975 /* SecondView.swift in Sources */ = {isa = PBXBuildFile; fileRef = EA35A40B280E45E600345975 /* SecondView.swift */; };
		EA35A40F280E46AC00345975 /* nock7.swift in Sources */ = {isa = PBXBuildFile; fileRef = EA35A40E280E46AC00345975 /* nock7.swift */; };
		EA35A411280E498D00345975 /* nock8.swift in Sources */ = {isa = PBXBuildFile; fileRef = EA35A410280E498D00345975 /* nock8.swift */; };
		EA35A413280E4A4F00345975 /* nock9.swift in Sources */ = {isa = PBXBuildFile; fileRef = EA35A412280E4A4F00345975 /* nock9.swift */; };
		EA35A415280E4BB700345975 /* nock10.swift in Sources */ = {isa = PBXBuildFile; fileRef = EA35A414280E4BB700345975 /* nock10.swift */; };
		EA35A417280E65A500345975 /* nock11.swift in Sources */ = {isa = PBXBuildFile; fileRef = EA35A416280E65A500345975 /* nock11.swift */; };
		EA35A419280E679C00345975 /* nock12.swift in Sources */ = {isa = PBXBuildFile; fileRef = EA35A418280E679C00345975 /* nock12.swift */; };
		EA35A41B280E6D1000345975 /* nock13.swift in Sources */ = {isa = PBXBuildFile; fileRef = EA35A41A280E6D1000345975 /* nock13.swift */; };
		EA35A41D280E6F0200345975 /* nock14.swift in Sources */ = {isa = PBXBuildFile; fileRef = EA35A41C280E6F0200345975 /* nock14.swift */; };
		EA35A420280F86B200345975 /* Book.swift in Sources */ = {isa = PBXBuildFile; fileRef = EA35A41F280F86B200345975 /* Book.swift */; };
		EA35A422280F86EE00345975 /* ShowMoreView.swift in Sources */ = {isa = PBXBuildFile; fileRef = EA35A421280F86EE00345975 /* ShowMoreView.swift */; };
/* End PBXBuildFile section */

/* Begin PBXFileReference section */
		EA35A3F0280D266D00345975 /* swiftUI_100fungo.app */ = {isa = PBXFileReference; explicitFileType = wrapper.application; includeInIndex = 0; path = swiftUI_100fungo.app; sourceTree = BUILT_PRODUCTS_DIR; };
		EA35A3F3280D266D00345975 /* swiftUI_100fungoApp.swift */ = {isa = PBXFileReference; lastKnownFileType = sourcecode.swift; path = swiftUI_100fungoApp.swift; sourceTree = "<group>"; };
		EA35A3F5280D266D00345975 /* ContentView.swift */ = {isa = PBXFileReference; lastKnownFileType = sourcecode.swift; path = ContentView.swift; sourceTree = "<group>"; };
		EA35A3F7280D266D00345975 /* Assets.xcassets */ = {isa = PBXFileReference; lastKnownFileType = folder.assetcatalog; path = Assets.xcassets; sourceTree = "<group>"; };
		EA35A3FA280D266D00345975 /* Preview Assets.xcassets */ = {isa = PBXFileReference; lastKnownFileType = folder.assetcatalog; path = "Preview Assets.xcassets"; sourceTree = "<group>"; };
		EA35A401280D298400345975 /* nock3.swift */ = {isa = PBXFileReference; lastKnownFileType = sourcecode.swift; path = nock3.swift; sourceTree = "<group>"; };
		EA35A403280D2B3B00345975 /* nock4.swift */ = {isa = PBXFileReference; lastKnownFileType = sourcecode.swift; path = nock4.swift; sourceTree = "<group>"; };
		EA35A405280E44D700345975 /* nock5.swift */ = {isa = PBXFileReference; lastKnownFileType = sourcecode.swift; path = nock5.swift; sourceTree = "<group>"; };
		EA35A409280E454A00345975 /* nock6.swift */ = {isa = PBXFileReference; lastKnownFileType = sourcecode.swift; path = nock6.swift; sourceTree = "<group>"; };
		EA35A40B280E45E600345975 /* SecondView.swift */ = {isa = PBXFileReference; lastKnownFileType = sourcecode.swift; path = SecondView.swift; sourceTree = "<group>"; };
		EA35A40E280E46AC00345975 /* nock7.swift */ = {isa = PBXFileReference; lastKnownFileType = sourcecode.swift; path = nock7.swift; sourceTree = "<group>"; };
		EA35A410280E498D00345975 /* nock8.swift */ = {isa = PBXFileReference; lastKnownFileType = sourcecode.swift; path = nock8.swift; sourceTree = "<group>"; };
		EA35A412280E4A4F00345975 /* nock9.swift */ = {isa = PBXFileReference; lastKnownFileType = sourcecode.swift; path = nock9.swift; sourceTree = "<group>"; };
		EA35A414280E4BB700345975 /* nock10.swift */ = {isa = PBXFileReference; lastKnownFileType = sourcecode.swift; path = nock10.swift; sourceTree = "<group>"; };
		EA35A416280E65A500345975 /* nock11.swift */ = {isa = PBXFileReference; lastKnownFileType = sourcecode.swift; path = nock11.swift; sourceTree = "<group>"; };
		EA35A418280E679C00345975 /* nock12.swift */ = {isa = PBXFileReference; lastKnownFileType = sourcecode.swift; path = nock12.swift; sourceTree = "<group>"; };
		EA35A41A280E6D1000345975 /* nock13.swift */ = {isa = PBXFileReference; lastKnownFileType = sourcecode.swift; path = nock13.swift; sourceTree = "<group>"; };
		EA35A41C280E6F0200345975 /* nock14.swift */ = {isa = PBXFileReference; lastKnownFileType = sourcecode.swift; path = nock14.swift; sourceTree = "<group>"; };
		EA35A41F280F86B200345975 /* Book.swift */ = {isa = PBXFileReference; lastKnownFileType = sourcecode.swift; path = Book.swift; sourceTree = "<group>"; };
		EA35A421280F86EE00345975 /* ShowMoreView.swift */ = {isa = PBXFileReference; lastKnownFileType = sourcecode.swift; path = ShowMoreView.swift; sourceTree = "<group>"; };
/* End PBXFileReference section */

/* Begin PBXFrameworksBuildPhase section */
		EA35A3ED280D266D00345975 /* Frameworks */ = {
			isa = PBXFrameworksBuildPhase;
			buildActionMask = 2147483647;
			files = (
			);
			runOnlyForDeploymentPostprocessing = 0;
		};
/* End PBXFrameworksBuildPhase section */

/* Begin PBXGroup section */
		EA35A3E7280D266D00345975 = {
			isa = PBXGroup;
			children = (
				EA35A3F2280D266D00345975 /* swiftUI_100fungo */,
				EA35A3F1280D266D00345975 /* Products */,
			);
			sourceTree = "<group>";
		};
		EA35A3F1280D266D00345975 /* Products */ = {
			isa = PBXGroup;
			children = (
				EA35A3F0280D266D00345975 /* swiftUI_100fungo.app */,
			);
			name = Products;
			sourceTree = "<group>";
		};
		EA35A3F2280D266D00345975 /* swiftUI_100fungo */ = {
			isa = PBXGroup;
			children = (
				EA35A3F3280D266D00345975 /* swiftUI_100fungoApp.swift */,
				EA35A3F5280D266D00345975 /* ContentView.swift */,
				EA35A401280D298400345975 /* nock3.swift */,
				EA35A403280D2B3B00345975 /* nock4.swift */,
				EA35A405280E44D700345975 /* nock5.swift */,
				EA35A40D280E45EB00345975 /* nock6 */,
				EA35A40E280E46AC00345975 /* nock7.swift */,
				EA35A410280E498D00345975 /* nock8.swift */,
				EA35A412280E4A4F00345975 /* nock9.swift */,
				EA35A414280E4BB700345975 /* nock10.swift */,
				EA35A416280E65A500345975 /* nock11.swift */,
				EA35A418280E679C00345975 /* nock12.swift */,
				EA35A41A280E6D1000345975 /* nock13.swift */,
				EA35A41E280F868600345975 /* nock14 */,
				EA35A3F7280D266D00345975 /* Assets.xcassets */,
				EA35A3F9280D266D00345975 /* Preview Content */,
			);
			path = swiftUI_100fungo;
			sourceTree = "<group>";
		};
		EA35A3F9280D266D00345975 /* Preview Content */ = {
			isa = PBXGroup;
			children = (
				EA35A3FA280D266D00345975 /* Preview Assets.xcassets */,
			);
			path = "Preview Content";
			sourceTree = "<group>";
		};
		EA35A40D280E45EB00345975 /* nock6 */ = {
			isa = PBXGroup;
			children = (
				EA35A409280E454A00345975 /* nock6.swift */,
				EA35A40B280E45E600345975 /* SecondView.swift */,
			);
			path = nock6;
			sourceTree = "<group>";
		};
		EA35A41E280F868600345975 /* nock14 */ = {
			isa = PBXGroup;
			children = (
				EA35A41C280E6F0200345975 /* nock14.swift */,
				EA35A41F280F86B200345975 /* Book.swift */,
				EA35A421280F86EE00345975 /* ShowMoreView.swift */,
			);
			path = nock14;
			sourceTree = "<group>";
		};
/* End PBXGroup section */

/* Begin PBXNativeTarget section */
		EA35A3EF280D266D00345975 /* swiftUI_100fungo */ = {
			isa = PBXNativeTarget;
			buildConfigurationList = EA35A3FE280D266D00345975 /* Build configuration list for PBXNativeTarget "swiftUI_100fungo" */;
			buildPhases = (
				EA35A3EC280D266D00345975 /* Sources */,
				EA35A3ED280D266D00345975 /* Frameworks */,
				EA35A3EE280D266D00345975 /* Resources */,
			);
			buildRules = (
			);
			dependencies = (
			);
			name = swiftUI_100fungo;
			productName = swiftUI_100fungo;
			productReference = EA35A3F0280D266D00345975 /* swiftUI_100fungo.app */;
			productType = "com.apple.product-type.application";
		};
/* End PBXNativeTarget section */

/* Begin PBXProject section */
		EA35A3E8280D266D00345975 /* Project object */ = {
			isa = PBXProject;
			attributes = {
				BuildIndependentTargetsInParallel = 1;
				LastSwiftUpdateCheck = 1330;
				LastUpgradeCheck = 1330;
				TargetAttributes = {
					EA35A3EF280D266D00345975 = {
						CreatedOnToolsVersion = 13.3;
					};
				};
			};
			buildConfigurationList = EA35A3EB280D266D00345975 /* Build configuration list for PBXProject "swiftUI_100fungo" */;
			compatibilityVersion = "Xcode 13.0";
			developmentRegion = en;
			hasScannedForEncodings = 0;
			knownRegions = (
				en,
				Base,
			);
			mainGroup = EA35A3E7280D266D00345975;
			productRefGroup = EA35A3F1280D266D00345975 /* Products */;
			projectDirPath = "";
			projectRoot = "";
			targets = (
				EA35A3EF280D266D00345975 /* swiftUI_100fungo */,
			);
		};
/* End PBXProject section */

/* Begin PBXResourcesBuildPhase section */
		EA35A3EE280D266D00345975 /* Resources */ = {
			isa = PBXResourcesBuildPhase;
			buildActionMask = 2147483647;
			files = (
				EA35A3FB280D266D00345975 /* Preview Assets.xcassets in Resources */,
				EA35A3F8280D266D00345975 /* Assets.xcassets in Resources */,
			);
			runOnlyForDeploymentPostprocessing = 0;
		};
/* End PBXResourcesBuildPhase section */

/* Begin PBXSourcesBuildPhase section */
		EA35A3EC280D266D00345975 /* Sources */ = {
			isa = PBXSourcesBuildPhase;
			buildActionMask = 2147483647;
			files = (
				EA35A420280F86B200345975 /* Book.swift in Sources */,
				EA35A419280E679C00345975 /* nock12.swift in Sources */,
				EA35A413280E4A4F00345975 /* nock9.swift in Sources */,
				EA35A40F280E46AC00345975 /* nock7.swift in Sources */,
				EA35A40C280E45E600345975 /* SecondView.swift in Sources */,
				EA35A411280E498D00345975 /* nock8.swift in Sources */,
				EA35A415280E4BB700345975 /* nock10.swift in Sources */,
				EA35A3F6280D266D00345975 /* ContentView.swift in Sources */,
				EA35A422280F86EE00345975 /* ShowMoreView.swift in Sources */,
				EA35A406280E44D700345975 /* nock5.swift in Sources */,
				EA35A41D280E6F0200345975 /* nock14.swift in Sources */,
				EA35A404280D2B3B00345975 /* nock4.swift in Sources */,
				EA35A417280E65A500345975 /* nock11.swift in Sources */,
				EA35A3F4280D266D00345975 /* swiftUI_100fungoApp.swift in Sources */,
				EA35A402280D298400345975 /* nock3.swift in Sources */,
				EA35A41B280E6D1000345975 /* nock13.swift in Sources */,
				EA35A40A280E454A00345975 /* nock6.swift in Sources */,
			);
			runOnlyForDeploymentPostprocessing = 0;
		};
/* End PBXSourcesBuildPhase section */

/* Begin XCBuildConfiguration section */
		EA35A3FC280D266D00345975 /* Debug */ = {
			isa = XCBuildConfiguration;
			buildSettings = {
				ALWAYS_SEARCH_USER_PATHS = NO;
				CLANG_ANALYZER_NONNULL = YES;
				CLANG_ANALYZER_NUMBER_OBJECT_CONVERSION = YES_AGGRESSIVE;
				CLANG_CXX_LANGUAGE_STANDARD = "gnu++17";
				CLANG_ENABLE_MODULES = YES;
				CLANG_ENABLE_OBJC_ARC = YES;
				CLANG_ENABLE_OBJC_WEAK = YES;
				CLANG_WARN_BLOCK_CAPTURE_AUTORELEASING = YES;
				CLANG_WARN_BOOL_CONVERSION = YES;
				CLANG_WARN_COMMA = YES;
				CLANG_WARN_CONSTANT_CONVERSION = YES;
				CLANG_WARN_DEPRECATED_OBJC_IMPLEMENTATIONS = YES;
				CLANG_WARN_DIRECT_OBJC_ISA_USAGE = YES_ERROR;
				CLANG_WARN_DOCUMENTATION_COMMENTS = YES;
				CLANG_WARN_EMPTY_BODY = YES;
				CLANG_WARN_ENUM_CONVERSION = YES;
				CLANG_WARN_INFINITE_RECURSION = YES;
				CLANG_WARN_INT_CONVERSION = YES;
				CLANG_WARN_NON_LITERAL_NULL_CONVERSION = YES;
				CLANG_WARN_OBJC_IMPLICIT_RETAIN_SELF = YES;
				CLANG_WARN_OBJC_LITERAL_CONVERSION = YES;
				CLANG_WARN_OBJC_ROOT_CLASS = YES_ERROR;
				CLANG_WARN_QUOTED_INCLUDE_IN_FRAMEWORK_HEADER = YES;
				CLANG_WARN_RANGE_LOOP_ANALYSIS = YES;
				CLANG_WARN_STRICT_PROTOTYPES = YES;
				CLANG_WARN_SUSPICIOUS_MOVE = YES;
				CLANG_WARN_UNGUARDED_AVAILABILITY = YES_AGGRESSIVE;
				CLANG_WARN_UNREACHABLE_CODE = YES;
				CLANG_WARN__DUPLICATE_METHOD_MATCH = YES;
				COPY_PHASE_STRIP = NO;
				DEBUG_INFORMATION_FORMAT = dwarf;
				ENABLE_STRICT_OBJC_MSGSEND = YES;
				ENABLE_TESTABILITY = YES;
				GCC_C_LANGUAGE_STANDARD = gnu11;
				GCC_DYNAMIC_NO_PIC = NO;
				GCC_NO_COMMON_BLOCKS = YES;
				GCC_OPTIMIZATION_LEVEL = 0;
				GCC_PREPROCESSOR_DEFINITIONS = (
					"DEBUG=1",
					"$(inherited)",
				);
				GCC_WARN_64_TO_32_BIT_CONVERSION = YES;
				GCC_WARN_ABOUT_RETURN_TYPE = YES_ERROR;
				GCC_WARN_UNDECLARED_SELECTOR = YES;
				GCC_WARN_UNINITIALIZED_AUTOS = YES_AGGRESSIVE;
				GCC_WARN_UNUSED_FUNCTION = YES;
				GCC_WARN_UNUSED_VARIABLE = YES;
				IPHONEOS_DEPLOYMENT_TARGET = 15.4;
				MTL_ENABLE_DEBUG_INFO = INCLUDE_SOURCE;
				MTL_FAST_MATH = YES;
				ONLY_ACTIVE_ARCH = YES;
				SDKROOT = iphoneos;
				SWIFT_ACTIVE_COMPILATION_CONDITIONS = DEBUG;
				SWIFT_OPTIMIZATION_LEVEL = "-Onone";
			};
			name = Debug;
		};
		EA35A3FD280D266D00345975 /* Release */ = {
			isa = XCBuildConfiguration;
			buildSettings = {
				ALWAYS_SEARCH_USER_PATHS = NO;
				CLANG_ANALYZER_NONNULL = YES;
				CLANG_ANALYZER_NUMBER_OBJECT_CONVERSION = YES_AGGRESSIVE;
				CLANG_CXX_LANGUAGE_STANDARD = "gnu++17";
				CLANG_ENABLE_MODULES = YES;
				CLANG_ENABLE_OBJC_ARC = YES;
				CLANG_ENABLE_OBJC_WEAK = YES;
				CLANG_WARN_BLOCK_CAPTURE_AUTORELEASING = YES;
				CLANG_WARN_BOOL_CONVERSION = YES;
				CLANG_WARN_COMMA = YES;
				CLANG_WARN_CONSTANT_CONVERSION = YES;
				CLANG_WARN_DEPRECATED_OBJC_IMPLEMENTATIONS = YES;
				CLANG_WARN_DIRECT_OBJC_ISA_USAGE = YES_ERROR;
				CLANG_WARN_DOCUMENTATION_COMMENTS = YES;
				CLANG_WARN_EMPTY_BODY = YES;
				CLANG_WARN_ENUM_CONVERSION = YES;
				CLANG_WARN_INFINITE_RECURSION = YES;
				CLANG_WARN_INT_CONVERSION = YES;
				CLANG_WARN_NON_LITERAL_NULL_CONVERSION = YES;
				CLANG_WARN_OBJC_IMPLICIT_RETAIN_SELF = YES;
				CLANG_WARN_OBJC_LITERAL_CONVERSION = YES;
				CLANG_WARN_OBJC_ROOT_CLASS = YES_ERROR;
				CLANG_WARN_QUOTED_INCLUDE_IN_FRAMEWORK_HEADER = YES;
				CLANG_WARN_RANGE_LOOP_ANALYSIS = YES;
				CLANG_WARN_STRICT_PROTOTYPES = YES;
				CLANG_WARN_SUSPICIOUS_MOVE = YES;
				CLANG_WARN_UNGUARDED_AVAILABILITY = YES_AGGRESSIVE;
				CLANG_WARN_UNREACHABLE_CODE = YES;
				CLANG_WARN__DUPLICATE_METHOD_MATCH = YES;
				COPY_PHASE_STRIP = NO;
				DEBUG_INFORMATION_FORMAT = "dwarf-with-dsym";
				ENABLE_NS_ASSERTIONS = NO;
				ENABLE_STRICT_OBJC_MSGSEND = YES;
				GCC_C_LANGUAGE_STANDARD = gnu11;
				GCC_NO_COMMON_BLOCKS = YES;
				GCC_WARN_64_TO_32_BIT_CONVERSION = YES;
				GCC_WARN_ABOUT_RETURN_TYPE = YES_ERROR;
				GCC_WARN_UNDECLARED_SELECTOR = YES;
				GCC_WARN_UNINITIALIZED_AUTOS = YES_AGGRESSIVE;
				GCC_WARN_UNUSED_FUNCTION = YES;
				GCC_WARN_UNUSED_VARIABLE = YES;
				IPHONEOS_DEPLOYMENT_TARGET = 15.4;
				MTL_ENABLE_DEBUG_INFO = NO;
				MTL_FAST_MATH = YES;
				SDKROOT = iphoneos;
				SWIFT_COMPILATION_MODE = wholemodule;
				SWIFT_OPTIMIZATION_LEVEL = "-O";
				VALIDATE_PRODUCT = YES;
			};
			name = Release;
		};
		EA35A3FF280D266D00345975 /* Debug */ = {
			isa = XCBuildConfiguration;
			buildSettings = {
				ASSETCATALOG_COMPILER_APPICON_NAME = AppIcon;
				ASSETCATALOG_COMPILER_GLOBAL_ACCENT_COLOR_NAME = AccentColor;
				CODE_SIGN_STYLE = Automatic;
				CURRENT_PROJECT_VERSION = 1;
				DEVELOPMENT_ASSET_PATHS = "\"swiftUI_100fungo/Preview Content\"";
				ENABLE_PREVIEWS = YES;
				GENERATE_INFOPLIST_FILE = YES;
				INFOPLIST_KEY_UIApplicationSceneManifest_Generation = YES;
				INFOPLIST_KEY_UIApplicationSupportsIndirectInputEvents = YES;
				INFOPLIST_KEY_UILaunchScreen_Generation = YES;
				INFOPLIST_KEY_UISupportedInterfaceOrientations_iPad = "UIInterfaceOrientationPortrait UIInterfaceOrientationPortraitUpsideDown UIInterfaceOrientationLandscapeLeft UIInterfaceOrientationLandscapeRight";
				INFOPLIST_KEY_UISupportedInterfaceOrientations_iPhone = "UIInterfaceOrientationPortrait UIInterfaceOrientationLandscapeLeft UIInterfaceOrientationLandscapeRight";
				LD_RUNPATH_SEARCH_PATHS = (
					"$(inherited)",
					"@executable_path/Frameworks",
				);
				MARKETING_VERSION = 1.0;
				PRODUCT_BUNDLE_IDENTIFIER = "com.tomokagemo.swiftUI-100fungo";
				PRODUCT_NAME = "$(TARGET_NAME)";
				SWIFT_EMIT_LOC_STRINGS = YES;
				SWIFT_VERSION = 5.0;
				TARGETED_DEVICE_FAMILY = "1,2";
			};
			name = Debug;
		};
		EA35A400280D266D00345975 /* Release */ = {
			isa = XCBuildConfiguration;
			buildSettings = {
				ASSETCATALOG_COMPILER_APPICON_NAME = AppIcon;
				ASSETCATALOG_COMPILER_GLOBAL_ACCENT_COLOR_NAME = AccentColor;
				CODE_SIGN_STYLE = Automatic;
				CURRENT_PROJECT_VERSION = 1;
				DEVELOPMENT_ASSET_PATHS = "\"swiftUI_100fungo/Preview Content\"";
				ENABLE_PREVIEWS = YES;
				GENERATE_INFOPLIST_FILE = YES;
				INFOPLIST_KEY_UIApplicationSceneManifest_Generation = YES;
				INFOPLIST_KEY_UIApplicationSupportsIndirectInputEvents = YES;
				INFOPLIST_KEY_UILaunchScreen_Generation = YES;
				INFOPLIST_KEY_UISupportedInterfaceOrientations_iPad = "UIInterfaceOrientationPortrait UIInterfaceOrientationPortraitUpsideDown UIInterfaceOrientationLandscapeLeft UIInterfaceOrientationLandscapeRight";
				INFOPLIST_KEY_UISupportedInterfaceOrientations_iPhone = "UIInterfaceOrientationPortrait UIInterfaceOrientationLandscapeLeft UIInterfaceOrientationLandscapeRight";
				LD_RUNPATH_SEARCH_PATHS = (
					"$(inherited)",
					"@executable_path/Frameworks",
				);
				MARKETING_VERSION = 1.0;
				PRODUCT_BUNDLE_IDENTIFIER = "com.tomokagemo.swiftUI-100fungo";
				PRODUCT_NAME = "$(TARGET_NAME)";
				SWIFT_EMIT_LOC_STRINGS = YES;
				SWIFT_VERSION = 5.0;
				TARGETED_DEVICE_FAMILY = "1,2";
			};
			name = Release;
		};
/* End XCBuildConfiguration section */

/* Begin XCConfigurationList section */
		EA35A3EB280D266D00345975 /* Build configuration list for PBXProject "swiftUI_100fungo" */ = {
			isa = XCConfigurationList;
			buildConfigurations = (
				EA35A3FC280D266D00345975 /* Debug */,
				EA35A3FD280D266D00345975 /* Release */,
			);
			defaultConfigurationIsVisible = 0;
			defaultConfigurationName = Release;
		};
		EA35A3FE280D266D00345975 /* Build configuration list for PBXNativeTarget "swiftUI_100fungo" */ = {
			isa = XCConfigurationList;
			buildConfigurations = (
				EA35A3FF280D266D00345975 /* Debug */,
				EA35A400280D266D00345975 /* Release */,
			);
			defaultConfigurationIsVisible = 0;
			defaultConfigurationName = Release;
		};
/* End XCConfigurationList section */
	};
	rootObject = EA35A3E8280D266D00345975 /* Project object */;
}
