// !$*UTF8*$!
{
	archiveVersion = 1;
	classes = {
	};
	objectVersion = 55;
	objects = {

/* Begin PBXBuildFile section */
		EA35A3F4280D266D00345975 /* swiftUI_100fungoApp.swift in Sources */ = {isa = PBXBuildFile; fileRef = EA35A3F3280D266D00345975 /* swiftUI_100fungoApp.swift */; };
		EA35A3F6280D266D00345975 /* ContentView.swift in Sources */ = {isa = PBXBuildFile; fileRef = EA35A3F5280D266D00345975 /* ContentView.swift */; };
		EA35A3F8280D266D00345975 /* Assets.xcassets in Resources */ = {isa = PBXBuildFile; fileRef = EA35A3F7280D266D00345975 /* Assets.xcassets */; };
		EA35A3FB280D266D00345975 /* Preview Assets.xcassets in Resources */ = {isa = PBXBuildFile; fileRef = EA35A3FA280D266D00345975 /* Preview Assets.xcassets */; };
		EA35A402280D298400345975 /* nock3.swift in Sources */ = {isa = PBXBuildFile; fileRef = EA35A401280D298400345975 /* nock3.swift */; };
		EA35A404280D2B3B00345975 /* nock4.swift in Sources */ = {isa = PBXBuildFile; fileRef = EA35A403280D2B3B00345975 /* nock4.swift */; };
		EA35A406280E44D700345975 /* nock5.swift in Sources */ = {isa = PBXBuildFile; fileRef = EA35A405280E44D700345975 /* nock5.swift */; };
		EA35A40A280E454A00345975 /* nock6.swift in Sources */ = {isa = PBXBuildFile; fileRef = EA35A409280E454A00345975 /* nock6.swift */; };
		EA35A40C280E45E600345975 /* SecondView.swift in Sources */ = {isa = PBXBuildFile; fileRef = EA35A40B280E45E600345975 /* SecondView.swift */; };
		EA35A40F280E46AC00345975 /* nock7.swift in Sources */ = {isa = PBXBuildFile; fileRef = EA35A40E280E46AC00345975 /* nock7.swift */; };
		EA35A411280E498D00345975 /* nock8.swift in Sources */ = {isa = PBXBuildFile; fileRef = EA35A410280E498D00345975 /* nock8.swift */; };
		EA35A413280E4A4F00345975 /* nock9.swift in Sources */ = {isa = PBXBuildFile; fileRef = EA35A412280E4A4F00345975 /* nock9.swift */; };
		EA35A415280E4BB700345975 /* nock10.swift in Sources */ = {isa = PBXBuildFile; fileRef = EA35A414280E4BB700345975 /* nock10.swift */; };
		EA35A417280E65A500345975 /* nock11.swift in Sources */ = {isa = PBXBuildFile; fileRef = EA35A416280E65A500345975 /* nock11.swift */; };
		EA35A419280E679C00345975 /* nock12.swift in Sources */ = {isa = PBXBuildFile; fileRef = EA35A418280E679C00345975 /* nock12.swift */; };
		EA35A41B280E6D1000345975 /* nock13.swift in Sources */ = {isa = PBXBuildFile; fileRef = EA35A41A280E6D1000345975 /* nock13.swift */; };
		EA35A41D280E6F0200345975 /* nock14.swift in Sources */ = {isa = PBXBuildFile; fileRef = EA35A41C280E6F0200345975 /* nock14.swift */; };
		EA35A420280F86B200345975 /* Book.swift in Sources */ = {isa = PBXBuildFile; fileRef = EA35A41F280F86B200345975 /* Book.swift */; };
		EA35A422280F86EE00345975 /* ShowMoreView.swift in Sources */ = {isa = PBXBuildFile; fileRef = EA35A421280F86EE00345975 /* ShowMoreView.swift */; };
		EA35A424280F8E1D00345975 /* nock15.swift in Sources */ = {isa = PBXBuildFile; fileRef = EA35A423280F8E1D00345975 /* nock15.swift */; };
		EA35A426280F8F0900345975 /* nock16.swift in Sources */ = {isa = PBXBuildFile; fileRef = EA35A425280F8F0900345975 /* nock16.swift */; };
		EA35A429280F8F5F00345975 /* CompleteView.swift in Sources */ = {isa = PBXBuildFile; fileRef = EA35A428280F8F5F00345975 /* CompleteView.swift */; };
		EA35A42B280F8F7200345975 /* EmailView.swift in Sources */ = {isa = PBXBuildFile; fileRef = EA35A42A280F8F7200345975 /* EmailView.swift */; };
		EA35A42D280F8F7A00345975 /* EmailViewModel.swift in Sources */ = {isa = PBXBuildFile; fileRef = EA35A42C280F8F7A00345975 /* EmailViewModel.swift */; };
		EA35A42F280F8F8600345975 /* PasswordViewModel.swift in Sources */ = {isa = PBXBuildFile; fileRef = EA35A42E280F8F8600345975 /* PasswordViewModel.swift */; };
		EA35A431280F8F8C00345975 /* PasswordView.swift in Sources */ = {isa = PBXBuildFile; fileRef = EA35A430280F8F8C00345975 /* PasswordView.swift */; };
		EA35A433280F92D800345975 /* ButtonView.swift in Sources */ = {isa = PBXBuildFile; fileRef = EA35A432280F92D800345975 /* ButtonView.swift */; };
		EA35A435280FAE3600345975 /* nock17.swift in Sources */ = {isa = PBXBuildFile; fileRef = EA35A434280FAE3600345975 /* nock17.swift */; };
		EA35A437280FAE4E00345975 /* CardViewModifier.swift in Sources */ = {isa = PBXBuildFile; fileRef = EA35A436280FAE4E00345975 /* CardViewModifier.swift */; };
		EA35A43A280FAEED00345975 /* View+Extensiton.swift in Sources */ = {isa = PBXBuildFile; fileRef = EA35A439280FAEED00345975 /* View+Extensiton.swift */; };
		EA35A43C280FB0A700345975 /* nock18.swift in Sources */ = {isa = PBXBuildFile; fileRef = EA35A43B280FB0A700345975 /* nock18.swift */; };
		EA35A43F280FB20E00345975 /* nock19.swift in Sources */ = {isa = PBXBuildFile; fileRef = EA35A43E280FB20E00345975 /* nock19.swift */; };
		EA35A441280FB22300345975 /* Sumikko.swift in Sources */ = {isa = PBXBuildFile; fileRef = EA35A440280FB22300345975 /* Sumikko.swift */; };
		EA35A443280FB25600345975 /* SumikkoCell.swift in Sources */ = {isa = PBXBuildFile; fileRef = EA35A442280FB25600345975 /* SumikkoCell.swift */; };
		EA35A445281233B300345975 /* Sumikkos.swift in Sources */ = {isa = PBXBuildFile; fileRef = EA35A444281233B300345975 /* Sumikkos.swift */; };
		EA35A44728124C0200345975 /* nock20.swift in Sources */ = {isa = PBXBuildFile; fileRef = EA35A44628124C0200345975 /* nock20.swift */; };
		EA35A44A28124D3100345975 /* nock21.swift in Sources */ = {isa = PBXBuildFile; fileRef = EA35A44928124D3100345975 /* nock21.swift */; };
		EA35A44C28124D7800345975 /* TutorialView.swift in Sources */ = {isa = PBXBuildFile; fileRef = EA35A44B28124D7800345975 /* TutorialView.swift */; };
		EA35A44E28124E6800345975 /* PageView.swift in Sources */ = {isa = PBXBuildFile; fileRef = EA35A44D28124E6800345975 /* PageView.swift */; };
		EA35A45028124F4F00345975 /* PageViewController.swift in Sources */ = {isa = PBXBuildFile; fileRef = EA35A44F28124F4F00345975 /* PageViewController.swift */; };
		EA35A452281251D200345975 /* PageControl.swift in Sources */ = {isa = PBXBuildFile; fileRef = EA35A451281251D200345975 /* PageControl.swift */; };
		EA35A4542812561200345975 /* nock22.swift in Sources */ = {isa = PBXBuildFile; fileRef = EA35A4532812561200345975 /* nock22.swift */; };
		EA35A4572812567800345975 /* ViewControllerHolder.swift in Sources */ = {isa = PBXBuildFile; fileRef = EA35A4562812567800345975 /* ViewControllerHolder.swift */; };
		EA35A4592812569600345975 /* ViewControllerKey.swift in Sources */ = {isa = PBXBuildFile; fileRef = EA35A4582812569600345975 /* ViewControllerKey.swift */; };
		EA35A45B2812587800345975 /* ModalView.swift in Sources */ = {isa = PBXBuildFile; fileRef = EA35A45A2812587800345975 /* ModalView.swift */; };
		EA35A45D281259FE00345975 /* UIViewController+Extension.swift in Sources */ = {isa = PBXBuildFile; fileRef = EA35A45C281259FD00345975 /* UIViewController+Extension.swift */; };
		EA35A45F2812820600345975 /* EnvironmentValues+Extension.swift in Sources */ = {isa = PBXBuildFile; fileRef = EA35A45E2812820600345975 /* EnvironmentValues+Extension.swift */; };
/* End PBXBuildFile section */

/* Begin PBXFileReference section */
		EA35A3F0280D266D00345975 /* swiftUI_100fungo.app */ = {isa = PBXFileReference; explicitFileType = wrapper.application; includeInIndex = 0; path = swiftUI_100fungo.app; sourceTree = BUILT_PRODUCTS_DIR; };
		EA35A3F3280D266D00345975 /* swiftUI_100fungoApp.swift */ = {isa = PBXFileReference; lastKnownFileType = sourcecode.swift; path = swiftUI_100fungoApp.swift; sourceTree = "<group>"; };
		EA35A3F5280D266D00345975 /* ContentView.swift */ = {isa = PBXFileReference; lastKnownFileType = sourcecode.swift; path = ContentView.swift; sourceTree = "<group>"; };
		EA35A3F7280D266D00345975 /* Assets.xcassets */ = {isa = PBXFileReference; lastKnownFileType = folder.assetcatalog; path = Assets.xcassets; sourceTree = "<group>"; };
		EA35A3FA280D266D00345975 /* Preview Assets.xcassets */ = {isa = PBXFileReference; lastKnownFileType = folder.assetcatalog; path = "Preview Assets.xcassets"; sourceTree = "<group>"; };
		EA35A401280D298400345975 /* nock3.swift */ = {isa = PBXFileReference; lastKnownFileType = sourcecode.swift; path = nock3.swift; sourceTree = "<group>"; };
		EA35A403280D2B3B00345975 /* nock4.swift */ = {isa = PBXFileReference; lastKnownFileType = sourcecode.swift; path = nock4.swift; sourceTree = "<group>"; };
		EA35A405280E44D700345975 /* nock5.swift */ = {isa = PBXFileReference; lastKnownFileType = sourcecode.swift; path = nock5.swift; sourceTree = "<group>"; };
		EA35A409280E454A00345975 /* nock6.swift */ = {isa = PBXFileReference; lastKnownFileType = sourcecode.swift; path = nock6.swift; sourceTree = "<group>"; };
		EA35A40B280E45E600345975 /* SecondView.swift */ = {isa = PBXFileReference; lastKnownFileType = sourcecode.swift; path = SecondView.swift; sourceTree = "<group>"; };
		EA35A40E280E46AC00345975 /* nock7.swift */ = {isa = PBXFileReference; lastKnownFileType = sourcecode.swift; path = nock7.swift; sourceTree = "<group>"; };
		EA35A410280E498D00345975 /* nock8.swift */ = {isa = PBXFileReference; lastKnownFileType = sourcecode.swift; path = nock8.swift; sourceTree = "<group>"; };
		EA35A412280E4A4F00345975 /* nock9.swift */ = {isa = PBXFileReference; lastKnownFileType = sourcecode.swift; path = nock9.swift; sourceTree = "<group>"; };
		EA35A414280E4BB700345975 /* nock10.swift */ = {isa = PBXFileReference; lastKnownFileType = sourcecode.swift; path = nock10.swift; sourceTree = "<group>"; };
		EA35A416280E65A500345975 /* nock11.swift */ = {isa = PBXFileReference; lastKnownFileType = sourcecode.swift; path = nock11.swift; sourceTree = "<group>"; };
		EA35A418280E679C00345975 /* nock12.swift */ = {isa = PBXFileReference; lastKnownFileType = sourcecode.swift; path = nock12.swift; sourceTree = "<group>"; };
		EA35A41A280E6D1000345975 /* nock13.swift */ = {isa = PBXFileReference; lastKnownFileType = sourcecode.swift; path = nock13.swift; sourceTree = "<group>"; };
		EA35A41C280E6F0200345975 /* nock14.swift */ = {isa = PBXFileReference; lastKnownFileType = sourcecode.swift; path = nock14.swift; sourceTree = "<group>"; };
		EA35A41F280F86B200345975 /* Book.swift */ = {isa = PBXFileReference; lastKnownFileType = sourcecode.swift; path = Book.swift; sourceTree = "<group>"; };
		EA35A421280F86EE00345975 /* ShowMoreView.swift */ = {isa = PBXFileReference; lastKnownFileType = sourcecode.swift; path = ShowMoreView.swift; sourceTree = "<group>"; };
		EA35A423280F8E1D00345975 /* nock15.swift */ = {isa = PBXFileReference; lastKnownFileType = sourcecode.swift; path = nock15.swift; sourceTree = "<group>"; };
		EA35A425280F8F0900345975 /* nock16.swift */ = {isa = PBXFileReference; lastKnownFileType = sourcecode.swift; path = nock16.swift; sourceTree = "<group>"; };
		EA35A428280F8F5F00345975 /* CompleteView.swift */ = {isa = PBXFileReference; lastKnownFileType = sourcecode.swift; path = CompleteView.swift; sourceTree = "<group>"; };
		EA35A42A280F8F7200345975 /* EmailView.swift */ = {isa = PBXFileReference; lastKnownFileType = sourcecode.swift; path = EmailView.swift; sourceTree = "<group>"; };
		EA35A42C280F8F7A00345975 /* EmailViewModel.swift */ = {isa = PBXFileReference; lastKnownFileType = sourcecode.swift; path = EmailViewModel.swift; sourceTree = "<group>"; };
		EA35A42E280F8F8600345975 /* PasswordViewModel.swift */ = {isa = PBXFileReference; lastKnownFileType = sourcecode.swift; path = PasswordViewModel.swift; sourceTree = "<group>"; };
		EA35A430280F8F8C00345975 /* PasswordView.swift */ = {isa = PBXFileReference; lastKnownFileType = sourcecode.swift; path = PasswordView.swift; sourceTree = "<group>"; };
		EA35A432280F92D800345975 /* ButtonView.swift */ = {isa = PBXFileReference; lastKnownFileType = sourcecode.swift; path = ButtonView.swift; sourceTree = "<group>"; };
		EA35A434280FAE3600345975 /* nock17.swift */ = {isa = PBXFileReference; lastKnownFileType = sourcecode.swift; path = nock17.swift; sourceTree = "<group>"; };
		EA35A436280FAE4E00345975 /* CardViewModifier.swift */ = {isa = PBXFileReference; lastKnownFileType = sourcecode.swift; path = CardViewModifier.swift; sourceTree = "<group>"; };
		EA35A439280FAEED00345975 /* View+Extensiton.swift */ = {isa = PBXFileReference; lastKnownFileType = sourcecode.swift; path = "View+Extensiton.swift"; sourceTree = "<group>"; };
		EA35A43B280FB0A700345975 /* nock18.swift */ = {isa = PBXFileReference; lastKnownFileType = sourcecode.swift; path = nock18.swift; sourceTree = "<group>"; };
		EA35A43E280FB20E00345975 /* nock19.swift */ = {isa = PBXFileReference; lastKnownFileType = sourcecode.swift; path = nock19.swift; sourceTree = "<group>"; };
		EA35A440280FB22300345975 /* Sumikko.swift */ = {isa = PBXFileReference; lastKnownFileType = sourcecode.swift; path = Sumikko.swift; sourceTree = "<group>"; };
		EA35A442280FB25600345975 /* SumikkoCell.swift */ = {isa = PBXFileReference; lastKnownFileType = sourcecode.swift; path = SumikkoCell.swift; sourceTree = "<group>"; };
		EA35A444281233B300345975 /* Sumikkos.swift */ = {isa = PBXFileReference; lastKnownFileType = sourcecode.swift; path = Sumikkos.swift; sourceTree = "<group>"; };
		EA35A44628124C0200345975 /* nock20.swift */ = {isa = PBXFileReference; lastKnownFileType = sourcecode.swift; path = nock20.swift; sourceTree = "<group>"; };
		EA35A44928124D3100345975 /* nock21.swift */ = {isa = PBXFileReference; lastKnownFileType = sourcecode.swift; path = nock21.swift; sourceTree = "<group>"; };
		EA35A44B28124D7800345975 /* TutorialView.swift */ = {isa = PBXFileReference; lastKnownFileType = sourcecode.swift; path = TutorialView.swift; sourceTree = "<group>"; };
		EA35A44D28124E6800345975 /* PageView.swift */ = {isa = PBXFileReference; lastKnownFileType = sourcecode.swift; path = PageView.swift; sourceTree = "<group>"; };
		EA35A44F28124F4F00345975 /* PageViewController.swift */ = {isa = PBXFileReference; lastKnownFileType = sourcecode.swift; path = PageViewController.swift; sourceTree = "<group>"; };
		EA35A451281251D200345975 /* PageControl.swift */ = {isa = PBXFileReference; lastKnownFileType = sourcecode.swift; path = PageControl.swift; sourceTree = "<group>"; };
		EA35A4532812561200345975 /* nock22.swift */ = {isa = PBXFileReference; lastKnownFileType = sourcecode.swift; path = nock22.swift; sourceTree = "<group>"; };
		EA35A4562812567800345975 /* ViewControllerHolder.swift */ = {isa = PBXFileReference; lastKnownFileType = sourcecode.swift; path = ViewControllerHolder.swift; sourceTree = "<group>"; };
		EA35A4582812569600345975 /* ViewControllerKey.swift */ = {isa = PBXFileReference; lastKnownFileType = sourcecode.swift; path = ViewControllerKey.swift; sourceTree = "<group>"; };
		EA35A45A2812587800345975 /* ModalView.swift */ = {isa = PBXFileReference; lastKnownFileType = sourcecode.swift; path = ModalView.swift; sourceTree = "<group>"; };
		EA35A45C281259FD00345975 /* UIViewController+Extension.swift */ = {isa = PBXFileReference; lastKnownFileType = sourcecode.swift; path = "UIViewController+Extension.swift"; sourceTree = "<group>"; };
		EA35A45E2812820600345975 /* EnvironmentValues+Extension.swift */ = {isa = PBXFileReference; lastKnownFileType = sourcecode.swift; path = "EnvironmentValues+Extension.swift"; sourceTree = "<group>"; };
/* End PBXFileReference section */

/* Begin PBXFrameworksBuildPhase section */
		EA35A3ED280D266D00345975 /* Frameworks */ = {
			isa = PBXFrameworksBuildPhase;
			buildActionMask = 2147483647;
			files = (
			);
			runOnlyForDeploymentPostprocessing = 0;
		};
/* End PBXFrameworksBuildPhase section */

/* Begin PBXGroup section */
		EA35A3E7280D266D00345975 = {
			isa = PBXGroup;
			children = (
				EA35A3F2280D266D00345975 /* swiftUI_100fungo */,
				EA35A3F1280D266D00345975 /* Products */,
			);
			sourceTree = "<group>";
		};
		EA35A3F1280D266D00345975 /* Products */ = {
			isa = PBXGroup;
			children = (
				EA35A3F0280D266D00345975 /* swiftUI_100fungo.app */,
			);
			name = Products;
			sourceTree = "<group>";
		};
		EA35A3F2280D266D00345975 /* swiftUI_100fungo */ = {
			isa = PBXGroup;
			children = (
				EA35A3F3280D266D00345975 /* swiftUI_100fungoApp.swift */,
				EA35A3F5280D266D00345975 /* ContentView.swift */,
				EA35A401280D298400345975 /* nock3.swift */,
				EA35A403280D2B3B00345975 /* nock4.swift */,
				EA35A405280E44D700345975 /* nock5.swift */,
				EA35A40D280E45EB00345975 /* nock6 */,
				EA35A40E280E46AC00345975 /* nock7.swift */,
				EA35A410280E498D00345975 /* nock8.swift */,
				EA35A412280E4A4F00345975 /* nock9.swift */,
				EA35A414280E4BB700345975 /* nock10.swift */,
				EA35A416280E65A500345975 /* nock11.swift */,
				EA35A418280E679C00345975 /* nock12.swift */,
				EA35A41A280E6D1000345975 /* nock13.swift */,
				EA35A41E280F868600345975 /* nock14 */,
				EA35A423280F8E1D00345975 /* nock15.swift */,
				EA35A427280F8F2F00345975 /* nock16 */,
				EA35A438280FAEDB00345975 /* nock17 */,
				EA35A43B280FB0A700345975 /* nock18.swift */,
				EA35A43D280FB1F200345975 /* nock19 */,
				EA35A44628124C0200345975 /* nock20.swift */,
				EA35A44828124D2200345975 /* nock21 */,
				EA35A4552812566200345975 /* nock22 */,
				EA35A3F7280D266D00345975 /* Assets.xcassets */,
				EA35A3F9280D266D00345975 /* Preview Content */,
			);
			path = swiftUI_100fungo;
			sourceTree = "<group>";
		};
		EA35A3F9280D266D00345975 /* Preview Content */ = {
			isa = PBXGroup;
			children = (
				EA35A3FA280D266D00345975 /* Preview Assets.xcassets */,
			);
			path = "Preview Content";
			sourceTree = "<group>";
		};
		EA35A40D280E45EB00345975 /* nock6 */ = {
			isa = PBXGroup;
			children = (
				EA35A409280E454A00345975 /* nock6.swift */,
				EA35A40B280E45E600345975 /* SecondView.swift */,
			);
			path = nock6;
			sourceTree = "<group>";
		};
		EA35A41E280F868600345975 /* nock14 */ = {
			isa = PBXGroup;
			children = (
				EA35A41C280E6F0200345975 /* nock14.swift */,
				EA35A41F280F86B200345975 /* Book.swift */,
				EA35A421280F86EE00345975 /* ShowMoreView.swift */,
			);
			path = nock14;
			sourceTree = "<group>";
		};
		EA35A427280F8F2F00345975 /* nock16 */ = {
			isa = PBXGroup;
			children = (
				EA35A425280F8F0900345975 /* nock16.swift */,
				EA35A432280F92D800345975 /* ButtonView.swift */,
				EA35A42A280F8F7200345975 /* EmailView.swift */,
				EA35A42C280F8F7A00345975 /* EmailViewModel.swift */,
				EA35A430280F8F8C00345975 /* PasswordView.swift */,
				EA35A42E280F8F8600345975 /* PasswordViewModel.swift */,
				EA35A428280F8F5F00345975 /* CompleteView.swift */,
			);
			name = nock16;
			sourceTree = "<group>";
		};
		EA35A438280FAEDB00345975 /* nock17 */ = {
			isa = PBXGroup;
			children = (
				EA35A434280FAE3600345975 /* nock17.swift */,
				EA35A436280FAE4E00345975 /* CardViewModifier.swift */,
				EA35A439280FAEED00345975 /* View+Extensiton.swift */,
			);
			path = nock17;
			sourceTree = "<group>";
		};
		EA35A43D280FB1F200345975 /* nock19 */ = {
			isa = PBXGroup;
			children = (
				EA35A43E280FB20E00345975 /* nock19.swift */,
				EA35A442280FB25600345975 /* SumikkoCell.swift */,
				EA35A440280FB22300345975 /* Sumikko.swift */,
				EA35A444281233B300345975 /* Sumikkos.swift */,
			);
			path = nock19;
			sourceTree = "<group>";
		};
		EA35A44828124D2200345975 /* nock21 */ = {
			isa = PBXGroup;
			children = (
				EA35A44928124D3100345975 /* nock21.swift */,
				EA35A44B28124D7800345975 /* TutorialView.swift */,
				EA35A44D28124E6800345975 /* PageView.swift */,
				EA35A451281251D200345975 /* PageControl.swift */,
				EA35A44F28124F4F00345975 /* PageViewController.swift */,
			);
			path = nock21;
			sourceTree = "<group>";
		};
		EA35A4552812566200345975 /* nock22 */ = {
			isa = PBXGroup;
			children = (
				EA35A4532812561200345975 /* nock22.swift */,
				EA35A45A2812587800345975 /* ModalView.swift */,
				EA35A4562812567800345975 /* ViewControllerHolder.swift */,
				EA35A4582812569600345975 /* ViewControllerKey.swift */,
				EA35A45C281259FD00345975 /* UIViewController+Extension.swift */,
				EA35A45E2812820600345975 /* EnvironmentValues+Extension.swift */,
			);
			path = nock22;
			sourceTree = "<group>";
		};
/* End PBXGroup section */

/* Begin PBXNativeTarget section */
		EA35A3EF280D266D00345975 /* swiftUI_100fungo */ = {
			isa = PBXNativeTarget;
			buildConfigurationList = EA35A3FE280D266D00345975 /* Build configuration list for PBXNativeTarget "swiftUI_100fungo" */;
			buildPhases = (
				EA35A3EC280D266D00345975 /* Sources */,
				EA35A3ED280D266D00345975 /* Frameworks */,
				EA35A3EE280D266D00345975 /* Resources */,
			);
			buildRules = (
			);
			dependencies = (
			);
			name = swiftUI_100fungo;
			productName = swiftUI_100fungo;
			productReference = EA35A3F0280D266D00345975 /* swiftUI_100fungo.app */;
			productType = "com.apple.product-type.application";
		};
/* End PBXNativeTarget section */

/* Begin PBXProject section */
		EA35A3E8280D266D00345975 /* Project object */ = {
			isa = PBXProject;
			attributes = {
				BuildIndependentTargetsInParallel = 1;
				LastSwiftUpdateCheck = 1330;
				LastUpgradeCheck = 1330;
				TargetAttributes = {
					EA35A3EF280D266D00345975 = {
						CreatedOnToolsVersion = 13.3;
					};
				};
			};
			buildConfigurationList = EA35A3EB280D266D00345975 /* Build configuration list for PBXProject "swiftUI_100fungo" */;
			compatibilityVersion = "Xcode 13.0";
			developmentRegion = en;
			hasScannedForEncodings = 0;
			knownRegions = (
				en,
				Base,
			);
			mainGroup = EA35A3E7280D266D00345975;
			productRefGroup = EA35A3F1280D266D00345975 /* Products */;
			projectDirPath = "";
			projectRoot = "";
			targets = (
				EA35A3EF280D266D00345975 /* swiftUI_100fungo */,
			);
		};
/* End PBXProject section */

/* Begin PBXResourcesBuildPhase section */
		EA35A3EE280D266D00345975 /* Resources */ = {
			isa = PBXResourcesBuildPhase;
			buildActionMask = 2147483647;
			files = (
				EA35A3FB280D266D00345975 /* Preview Assets.xcassets in Resources */,
				EA35A3F8280D266D00345975 /* Assets.xcassets in Resources */,
			);
			runOnlyForDeploymentPostprocessing = 0;
		};
/* End PBXResourcesBuildPhase section */

/* Begin PBXSourcesBuildPhase section */
		EA35A3EC280D266D00345975 /* Sources */ = {
			isa = PBXSourcesBuildPhase;
			buildActionMask = 2147483647;
			files = (
				EA35A420280F86B200345975 /* Book.swift in Sources */,
				EA35A419280E679C00345975 /* nock12.swift in Sources */,
				EA35A433280F92D800345975 /* ButtonView.swift in Sources */,
				EA35A437280FAE4E00345975 /* CardViewModifier.swift in Sources */,
				EA35A413280E4A4F00345975 /* nock9.swift in Sources */,
				EA35A45B2812587800345975 /* ModalView.swift in Sources */,
				EA35A40F280E46AC00345975 /* nock7.swift in Sources */,
				EA35A43C280FB0A700345975 /* nock18.swift in Sources */,
				EA35A40C280E45E600345975 /* SecondView.swift in Sources */,
				EA35A4592812569600345975 /* ViewControllerKey.swift in Sources */,
				EA35A43F280FB20E00345975 /* nock19.swift in Sources */,
				EA35A4572812567800345975 /* ViewControllerHolder.swift in Sources */,
				EA35A45D281259FE00345975 /* UIViewController+Extension.swift in Sources */,
				EA35A44E28124E6800345975 /* PageView.swift in Sources */,
				EA35A435280FAE3600345975 /* nock17.swift in Sources */,
				EA35A426280F8F0900345975 /* nock16.swift in Sources */,
				EA35A411280E498D00345975 /* nock8.swift in Sources */,
				EA35A415280E4BB700345975 /* nock10.swift in Sources */,
				EA35A43A280FAEED00345975 /* View+Extensiton.swift in Sources */,
				EA35A3F6280D266D00345975 /* ContentView.swift in Sources */,
				EA35A42D280F8F7A00345975 /* EmailViewModel.swift in Sources */,
				EA35A429280F8F5F00345975 /* CompleteView.swift in Sources */,
				EA35A441280FB22300345975 /* Sumikko.swift in Sources */,
				EA35A424280F8E1D00345975 /* nock15.swift in Sources */,
				EA35A422280F86EE00345975 /* ShowMoreView.swift in Sources */,
				EA35A44C28124D7800345975 /* TutorialView.swift in Sources */,
				EA35A4542812561200345975 /* nock22.swift in Sources */,
				EA35A406280E44D700345975 /* nock5.swift in Sources */,
				EA35A41D280E6F0200345975 /* nock14.swift in Sources */,
				EA35A404280D2B3B00345975 /* nock4.swift in Sources */,
				EA35A417280E65A500345975 /* nock11.swift in Sources */,
				EA35A44728124C0200345975 /* nock20.swift in Sources */,
				EA35A445281233B300345975 /* Sumikkos.swift in Sources */,
				EA35A3F4280D266D00345975 /* swiftUI_100fungoApp.swift in Sources */,
				EA35A452281251D200345975 /* PageControl.swift in Sources */,
				EA35A42B280F8F7200345975 /* EmailView.swift in Sources */,
				EA35A431280F8F8C00345975 /* PasswordView.swift in Sources */,
				EA35A402280D298400345975 /* nock3.swift in Sources */,
				EA35A42F280F8F8600345975 /* PasswordViewModel.swift in Sources */,
				EA35A45F2812820600345975 /* EnvironmentValues+Extension.swift in Sources */,
				EA35A45028124F4F00345975 /* PageViewController.swift in Sources */,
				EA35A41B280E6D1000345975 /* nock13.swift in Sources */,
				EA35A44A28124D3100345975 /* nock21.swift in Sources */,
				EA35A40A280E454A00345975 /* nock6.swift in Sources */,
				EA35A443280FB25600345975 /* SumikkoCell.swift in Sources */,
			);
			runOnlyForDeploymentPostprocessing = 0;
		};
/* End PBXSourcesBuildPhase section */

/* Begin XCBuildConfiguration section */
		EA35A3FC280D266D00345975 /* Debug */ = {
			isa = XCBuildConfiguration;
			buildSettings = {
				ALWAYS_SEARCH_USER_PATHS = NO;
				CLANG_ANALYZER_NONNULL = YES;
				CLANG_ANALYZER_NUMBER_OBJECT_CONVERSION = YES_AGGRESSIVE;
				CLANG_CXX_LANGUAGE_STANDARD = "gnu++17";
				CLANG_ENABLE_MODULES = YES;
				CLANG_ENABLE_OBJC_ARC = YES;
				CLANG_ENABLE_OBJC_WEAK = YES;
				CLANG_WARN_BLOCK_CAPTURE_AUTORELEASING = YES;
				CLANG_WARN_BOOL_CONVERSION = YES;
				CLANG_WARN_COMMA = YES;
				CLANG_WARN_CONSTANT_CONVERSION = YES;
				CLANG_WARN_DEPRECATED_OBJC_IMPLEMENTATIONS = YES;
				CLANG_WARN_DIRECT_OBJC_ISA_USAGE = YES_ERROR;
				CLANG_WARN_DOCUMENTATION_COMMENTS = YES;
				CLANG_WARN_EMPTY_BODY = YES;
				CLANG_WARN_ENUM_CONVERSION = YES;
				CLANG_WARN_INFINITE_RECURSION = YES;
				CLANG_WARN_INT_CONVERSION = YES;
				CLANG_WARN_NON_LITERAL_NULL_CONVERSION = YES;
				CLANG_WARN_OBJC_IMPLICIT_RETAIN_SELF = YES;
				CLANG_WARN_OBJC_LITERAL_CONVERSION = YES;
				CLANG_WARN_OBJC_ROOT_CLASS = YES_ERROR;
				CLANG_WARN_QUOTED_INCLUDE_IN_FRAMEWORK_HEADER = YES;
				CLANG_WARN_RANGE_LOOP_ANALYSIS = YES;
				CLANG_WARN_STRICT_PROTOTYPES = YES;
				CLANG_WARN_SUSPICIOUS_MOVE = YES;
				CLANG_WARN_UNGUARDED_AVAILABILITY = YES_AGGRESSIVE;
				CLANG_WARN_UNREACHABLE_CODE = YES;
				CLANG_WARN__DUPLICATE_METHOD_MATCH = YES;
				COPY_PHASE_STRIP = NO;
				DEBUG_INFORMATION_FORMAT = dwarf;
				ENABLE_STRICT_OBJC_MSGSEND = YES;
				ENABLE_TESTABILITY = YES;
				GCC_C_LANGUAGE_STANDARD = gnu11;
				GCC_DYNAMIC_NO_PIC = NO;
				GCC_NO_COMMON_BLOCKS = YES;
				GCC_OPTIMIZATION_LEVEL = 0;
				GCC_PREPROCESSOR_DEFINITIONS = (
					"DEBUG=1",
					"$(inherited)",
				);
				GCC_WARN_64_TO_32_BIT_CONVERSION = YES;
				GCC_WARN_ABOUT_RETURN_TYPE = YES_ERROR;
				GCC_WARN_UNDECLARED_SELECTOR = YES;
				GCC_WARN_UNINITIALIZED_AUTOS = YES_AGGRESSIVE;
				GCC_WARN_UNUSED_FUNCTION = YES;
				GCC_WARN_UNUSED_VARIABLE = YES;
				IPHONEOS_DEPLOYMENT_TARGET = 15.4;
				MTL_ENABLE_DEBUG_INFO = INCLUDE_SOURCE;
				MTL_FAST_MATH = YES;
				ONLY_ACTIVE_ARCH = YES;
				SDKROOT = iphoneos;
				SWIFT_ACTIVE_COMPILATION_CONDITIONS = DEBUG;
				SWIFT_OPTIMIZATION_LEVEL = "-Onone";
			};
			name = Debug;
		};
		EA35A3FD280D266D00345975 /* Release */ = {
			isa = XCBuildConfiguration;
			buildSettings = {
				ALWAYS_SEARCH_USER_PATHS = NO;
				CLANG_ANALYZER_NONNULL = YES;
				CLANG_ANALYZER_NUMBER_OBJECT_CONVERSION = YES_AGGRESSIVE;
				CLANG_CXX_LANGUAGE_STANDARD = "gnu++17";
				CLANG_ENABLE_MODULES = YES;
				CLANG_ENABLE_OBJC_ARC = YES;
				CLANG_ENABLE_OBJC_WEAK = YES;
				CLANG_WARN_BLOCK_CAPTURE_AUTORELEASING = YES;
				CLANG_WARN_BOOL_CONVERSION = YES;
				CLANG_WARN_COMMA = YES;
				CLANG_WARN_CONSTANT_CONVERSION = YES;
				CLANG_WARN_DEPRECATED_OBJC_IMPLEMENTATIONS = YES;
				CLANG_WARN_DIRECT_OBJC_ISA_USAGE = YES_ERROR;
				CLANG_WARN_DOCUMENTATION_COMMENTS = YES;
				CLANG_WARN_EMPTY_BODY = YES;
				CLANG_WARN_ENUM_CONVERSION = YES;
				CLANG_WARN_INFINITE_RECURSION = YES;
				CLANG_WARN_INT_CONVERSION = YES;
				CLANG_WARN_NON_LITERAL_NULL_CONVERSION = YES;
				CLANG_WARN_OBJC_IMPLICIT_RETAIN_SELF = YES;
				CLANG_WARN_OBJC_LITERAL_CONVERSION = YES;
				CLANG_WARN_OBJC_ROOT_CLASS = YES_ERROR;
				CLANG_WARN_QUOTED_INCLUDE_IN_FRAMEWORK_HEADER = YES;
				CLANG_WARN_RANGE_LOOP_ANALYSIS = YES;
				CLANG_WARN_STRICT_PROTOTYPES = YES;
				CLANG_WARN_SUSPICIOUS_MOVE = YES;
				CLANG_WARN_UNGUARDED_AVAILABILITY = YES_AGGRESSIVE;
				CLANG_WARN_UNREACHABLE_CODE = YES;
				CLANG_WARN__DUPLICATE_METHOD_MATCH = YES;
				COPY_PHASE_STRIP = NO;
				DEBUG_INFORMATION_FORMAT = "dwarf-with-dsym";
				ENABLE_NS_ASSERTIONS = NO;
				ENABLE_STRICT_OBJC_MSGSEND = YES;
				GCC_C_LANGUAGE_STANDARD = gnu11;
				GCC_NO_COMMON_BLOCKS = YES;
				GCC_WARN_64_TO_32_BIT_CONVERSION = YES;
				GCC_WARN_ABOUT_RETURN_TYPE = YES_ERROR;
				GCC_WARN_UNDECLARED_SELECTOR = YES;
				GCC_WARN_UNINITIALIZED_AUTOS = YES_AGGRESSIVE;
				GCC_WARN_UNUSED_FUNCTION = YES;
				GCC_WARN_UNUSED_VARIABLE = YES;
				IPHONEOS_DEPLOYMENT_TARGET = 15.4;
				MTL_ENABLE_DEBUG_INFO = NO;
				MTL_FAST_MATH = YES;
				SDKROOT = iphoneos;
				SWIFT_COMPILATION_MODE = wholemodule;
				SWIFT_OPTIMIZATION_LEVEL = "-O";
				VALIDATE_PRODUCT = YES;
			};
			name = Release;
		};
		EA35A3FF280D266D00345975 /* Debug */ = {
			isa = XCBuildConfiguration;
			buildSettings = {
				ASSETCATALOG_COMPILER_APPICON_NAME = AppIcon;
				ASSETCATALOG_COMPILER_GLOBAL_ACCENT_COLOR_NAME = AccentColor;
				CODE_SIGN_STYLE = Automatic;
				CURRENT_PROJECT_VERSION = 1;
				DEVELOPMENT_ASSET_PATHS = "\"swiftUI_100fungo/Preview Content\"";
				ENABLE_PREVIEWS = YES;
				GENERATE_INFOPLIST_FILE = YES;
				INFOPLIST_KEY_UIApplicationSceneManifest_Generation = YES;
				INFOPLIST_KEY_UIApplicationSupportsIndirectInputEvents = YES;
				INFOPLIST_KEY_UILaunchScreen_Generation = YES;
				INFOPLIST_KEY_UISupportedInterfaceOrientations_iPad = "UIInterfaceOrientationPortrait UIInterfaceOrientationPortraitUpsideDown UIInterfaceOrientationLandscapeLeft UIInterfaceOrientationLandscapeRight";
				INFOPLIST_KEY_UISupportedInterfaceOrientations_iPhone = "UIInterfaceOrientationPortrait UIInterfaceOrientationLandscapeLeft UIInterfaceOrientationLandscapeRight";
				LD_RUNPATH_SEARCH_PATHS = (
					"$(inherited)",
					"@executable_path/Frameworks",
				);
				MARKETING_VERSION = 1.0;
				PRODUCT_BUNDLE_IDENTIFIER = "com.tomokagemo.swiftUI-100fungo";
				PRODUCT_NAME = "$(TARGET_NAME)";
				SWIFT_EMIT_LOC_STRINGS = YES;
				SWIFT_VERSION = 5.0;
				TARGETED_DEVICE_FAMILY = "1,2";
			};
			name = Debug;
		};
		EA35A400280D266D00345975 /* Release */ = {
			isa = XCBuildConfiguration;
			buildSettings = {
				ASSETCATALOG_COMPILER_APPICON_NAME = AppIcon;
				ASSETCATALOG_COMPILER_GLOBAL_ACCENT_COLOR_NAME = AccentColor;
				CODE_SIGN_STYLE = Automatic;
				CURRENT_PROJECT_VERSION = 1;
				DEVELOPMENT_ASSET_PATHS = "\"swiftUI_100fungo/Preview Content\"";
				ENABLE_PREVIEWS = YES;
				GENERATE_INFOPLIST_FILE = YES;
				INFOPLIST_KEY_UIApplicationSceneManifest_Generation = YES;
				INFOPLIST_KEY_UIApplicationSupportsIndirectInputEvents = YES;
				INFOPLIST_KEY_UILaunchScreen_Generation = YES;
				INFOPLIST_KEY_UISupportedInterfaceOrientations_iPad = "UIInterfaceOrientationPortrait UIInterfaceOrientationPortraitUpsideDown UIInterfaceOrientationLandscapeLeft UIInterfaceOrientationLandscapeRight";
				INFOPLIST_KEY_UISupportedInterfaceOrientations_iPhone = "UIInterfaceOrientationPortrait UIInterfaceOrientationLandscapeLeft UIInterfaceOrientationLandscapeRight";
				LD_RUNPATH_SEARCH_PATHS = (
					"$(inherited)",
					"@executable_path/Frameworks",
				);
				MARKETING_VERSION = 1.0;
				PRODUCT_BUNDLE_IDENTIFIER = "com.tomokagemo.swiftUI-100fungo";
				PRODUCT_NAME = "$(TARGET_NAME)";
				SWIFT_EMIT_LOC_STRINGS = YES;
				SWIFT_VERSION = 5.0;
				TARGETED_DEVICE_FAMILY = "1,2";
			};
			name = Release;
		};
/* End XCBuildConfiguration section */

/* Begin XCConfigurationList section */
		EA35A3EB280D266D00345975 /* Build configuration list for PBXProject "swiftUI_100fungo" */ = {
			isa = XCConfigurationList;
			buildConfigurations = (
				EA35A3FC280D266D00345975 /* Debug */,
				EA35A3FD280D266D00345975 /* Release */,
			);
			defaultConfigurationIsVisible = 0;
			defaultConfigurationName = Release;
		};
		EA35A3FE280D266D00345975 /* Build configuration list for PBXNativeTarget "swiftUI_100fungo" */ = {
			isa = XCConfigurationList;
			buildConfigurations = (
				EA35A3FF280D266D00345975 /* Debug */,
				EA35A400280D266D00345975 /* Release */,
			);
			defaultConfigurationIsVisible = 0;
			defaultConfigurationName = Release;
		};
/* End XCConfigurationList section */
	};
	rootObject = EA35A3E8280D266D00345975 /* Project object */;
}
